
Microsoft Visual Studio Solution File, Format Version 12.00
# Visual Studio 14
VisualStudioVersion = 14.0.25123.0
MinimumVisualStudioVersion = 10.0.40219.1
Project("{FAE04EC0-301F-11D3-BF4B-00C04F79EFBC}") = "MyArch", "MyArch\MyArch.csproj", "{3B356453-F9F3-4972-A0D0-6D403A812AEB}"
EndProject
Project("{FAE04EC0-301F-11D3-BF4B-00C04F79EFBC}") = "MyArch.Model", "MyArch.Model\MyArch.Model.csproj", "{03827EE7-1890-4CAC-97E2-5A3E07FAF2D0}"
EndProject
Project("{FAE04EC0-301F-11D3-BF4B-00C04F79EFBC}") = "MyArch.Data", "MyArch.Data\MyArch.Data.csproj", "{97A439EA-B400-4BBA-A696-C1CC284C5699}"
EndProject
Project("{FAE04EC0-301F-11D3-BF4B-00C04F79EFBC}") = "MyArch.Service", "MyArch.Service\MyArch.Service.csproj", "{6774441E-2A80-49E1-B60A-6431F04D3AD3}"
EndProject
Global
	GlobalSection(SolutionConfigurationPlatforms) = preSolution
		Debug|Any CPU = Debug|Any CPU
		Release|Any CPU = Release|Any CPU
	EndGlobalSection
	GlobalSection(ProjectConfigurationPlatforms) = postSolution
		{3B356453-F9F3-4972-A0D0-6D403A812AEB}.Debug|Any CPU.ActiveCfg = Debug|Any CPU
		{3B356453-F9F3-4972-A0D0-6D403A812AEB}.Debug|Any CPU.Build.0 = Debug|Any CPU
		{3B356453-F9F3-4972-A0D0-6D403A812AEB}.Release|Any CPU.ActiveCfg = Release|Any CPU
		{3B356453-F9F3-4972-A0D0-6D403A812AEB}.Release|Any CPU.Build.0 = Release|Any CPU
		{03827EE7-1890-4CAC-97E2-5A3E07FAF2D0}.Debug|Any CPU.ActiveCfg = Debug|Any CPU
		{03827EE7-1890-4CAC-97E2-5A3E07FAF2D0}.Debug|Any CPU.Build.0 = Debug|Any CPU
		{03827EE7-1890-4CAC-97E2-5A3E07FAF2D0}.Release|Any CPU.ActiveCfg = Release|Any CPU
		{03827EE7-1890-4CAC-97E2-5A3E07FAF2D0}.Release|Any CPU.Build.0 = Release|Any CPU
		{97A439EA-B400-4BBA-A696-C1CC284C5699}.Debug|Any CPU.ActiveCfg = Debug|Any CPU
		{97A439EA-B400-4BBA-A696-C1CC284C5699}.Debug|Any CPU.Build.0 = Debug|Any CPU
		{97A439EA-B400-4BBA-A696-C1CC284C5699}.Release|Any CPU.ActiveCfg = Release|Any CPU
		{97A439EA-B400-4BBA-A696-C1CC284C5699}.Release|Any CPU.Build.0 = Release|Any CPU
		{6774441E-2A80-49E1-B60A-6431F04D3AD3}.Debug|Any CPU.ActiveCfg = Debug|Any CPU
		{6774441E-2A80-49E1-B60A-6431F04D3AD3}.Debug|Any CPU.Build.0 = Debug|Any CPU
		{6774441E-2A80-49E1-B60A-6431F04D3AD3}.Release|Any CPU.ActiveCfg = Release|Any CPU
		{6774441E-2A80-49E1-B60A-6431F04D3AD3}.Release|Any CPU.Build.0 = Release|Any CPU
	EndGlobalSection
	GlobalSection(SolutionProperties) = preSolution
		HideSolutionNode = FALSE
	EndGlobalSection
EndGlobal
